// !$*UTF8*$!
{
	archiveVersion = 1;
	classes = {
	};
	objectVersion = 51;
	objects = {

/* Begin PBXBuildFile section */
		1789C0911D5D38D216B078DB /* Pods_Temper.framework in Frameworks */ = {isa = PBXBuildFile; fileRef = 3DCA082CACB0ECA0DDA7307C /* Pods_Temper.framework */; };
		5091442B23A3C86F00E7E791 /* AppDelegate.swift in Sources */ = {isa = PBXBuildFile; fileRef = 5091442A23A3C86F00E7E791 /* AppDelegate.swift */; };
		5091442D23A3C86F00E7E791 /* SceneDelegate.swift in Sources */ = {isa = PBXBuildFile; fileRef = 5091442C23A3C86F00E7E791 /* SceneDelegate.swift */; };
		5091442F23A3C86F00E7E791 /* ViewController.swift in Sources */ = {isa = PBXBuildFile; fileRef = 5091442E23A3C86F00E7E791 /* ViewController.swift */; };
		5091443223A3C86F00E7E791 /* Main.storyboard in Resources */ = {isa = PBXBuildFile; fileRef = 5091443023A3C86F00E7E791 /* Main.storyboard */; };
		5091443423A3C87000E7E791 /* Assets.xcassets in Resources */ = {isa = PBXBuildFile; fileRef = 5091443323A3C87000E7E791 /* Assets.xcassets */; };
		5091443723A3C87000E7E791 /* LaunchScreen.storyboard in Resources */ = {isa = PBXBuildFile; fileRef = 5091443523A3C87000E7E791 /* LaunchScreen.storyboard */; };
		5091444223A3C87000E7E791 /* TemperTests.swift in Sources */ = {isa = PBXBuildFile; fileRef = 5091444123A3C87000E7E791 /* TemperTests.swift */; };
		50FA8E2323A59274007AA792 /* JobsPresenterTests.swift in Sources */ = {isa = PBXBuildFile; fileRef = 50FA8E2223A59274007AA792 /* JobsPresenterTests.swift */; };
		5829583697994FF0131B48F3 /* Pods_TemperTests.framework in Frameworks */ = {isa = PBXBuildFile; fileRef = CB3428D92716B0B1279B3EF4 /* Pods_TemperTests.framework */; };
/* End PBXBuildFile section */

/* Begin PBXContainerItemProxy section */
		5091443E23A3C87000E7E791 /* PBXContainerItemProxy */ = {
			isa = PBXContainerItemProxy;
			containerPortal = 5091441F23A3C86F00E7E791 /* Project object */;
			proxyType = 1;
			remoteGlobalIDString = 5091442623A3C86F00E7E791;
			remoteInfo = Temper;
		};
/* End PBXContainerItemProxy section */

/* Begin PBXFileReference section */
		0822F683FE5440CFAC064533 /* Pods-TemperTests.release.xcconfig */ = {isa = PBXFileReference; includeInIndex = 1; lastKnownFileType = text.xcconfig; name = "Pods-TemperTests.release.xcconfig"; path = "Target Support Files/Pods-TemperTests/Pods-TemperTests.release.xcconfig"; sourceTree = "<group>"; };
		0D0A526C2337F66D758EFF72 /* Pods-Temper.release.xcconfig */ = {isa = PBXFileReference; includeInIndex = 1; lastKnownFileType = text.xcconfig; name = "Pods-Temper.release.xcconfig"; path = "Target Support Files/Pods-Temper/Pods-Temper.release.xcconfig"; sourceTree = "<group>"; };
		3DCA082CACB0ECA0DDA7307C /* Pods_Temper.framework */ = {isa = PBXFileReference; explicitFileType = wrapper.framework; includeInIndex = 0; path = Pods_Temper.framework; sourceTree = BUILT_PRODUCTS_DIR; };
		5091442723A3C86F00E7E791 /* Temper.app */ = {isa = PBXFileReference; explicitFileType = wrapper.application; includeInIndex = 0; path = Temper.app; sourceTree = BUILT_PRODUCTS_DIR; };
		5091442A23A3C86F00E7E791 /* AppDelegate.swift */ = {isa = PBXFileReference; lastKnownFileType = sourcecode.swift; path = AppDelegate.swift; sourceTree = "<group>"; };
		5091442C23A3C86F00E7E791 /* SceneDelegate.swift */ = {isa = PBXFileReference; lastKnownFileType = sourcecode.swift; path = SceneDelegate.swift; sourceTree = "<group>"; };
		5091442E23A3C86F00E7E791 /* ViewController.swift */ = {isa = PBXFileReference; lastKnownFileType = sourcecode.swift; path = ViewController.swift; sourceTree = "<group>"; };
		5091443123A3C86F00E7E791 /* Base */ = {isa = PBXFileReference; lastKnownFileType = file.storyboard; name = Base; path = Base.lproj/Main.storyboard; sourceTree = "<group>"; };
		5091443323A3C87000E7E791 /* Assets.xcassets */ = {isa = PBXFileReference; lastKnownFileType = folder.assetcatalog; path = Assets.xcassets; sourceTree = "<group>"; };
		5091443623A3C87000E7E791 /* Base */ = {isa = PBXFileReference; lastKnownFileType = file.storyboard; name = Base; path = Base.lproj/LaunchScreen.storyboard; sourceTree = "<group>"; };
		5091443823A3C87000E7E791 /* Info.plist */ = {isa = PBXFileReference; lastKnownFileType = text.plist.xml; path = Info.plist; sourceTree = "<group>"; };
		5091443D23A3C87000E7E791 /* TemperTests.xctest */ = {isa = PBXFileReference; explicitFileType = wrapper.cfbundle; includeInIndex = 0; path = TemperTests.xctest; sourceTree = BUILT_PRODUCTS_DIR; };
		5091444123A3C87000E7E791 /* TemperTests.swift */ = {isa = PBXFileReference; lastKnownFileType = sourcecode.swift; path = TemperTests.swift; sourceTree = "<group>"; };
		5091444323A3C87000E7E791 /* Info.plist */ = {isa = PBXFileReference; lastKnownFileType = text.plist.xml; path = Info.plist; sourceTree = "<group>"; };
		50FA8E2223A59274007AA792 /* JobsPresenterTests.swift */ = {isa = PBXFileReference; lastKnownFileType = sourcecode.swift; path = JobsPresenterTests.swift; sourceTree = "<group>"; };
		CB3428D92716B0B1279B3EF4 /* Pods_TemperTests.framework */ = {isa = PBXFileReference; explicitFileType = wrapper.framework; includeInIndex = 0; path = Pods_TemperTests.framework; sourceTree = BUILT_PRODUCTS_DIR; };
		EF4EBD0B4BAC24441A5C2C00 /* Pods-Temper.debug.xcconfig */ = {isa = PBXFileReference; includeInIndex = 1; lastKnownFileType = text.xcconfig; name = "Pods-Temper.debug.xcconfig"; path = "Target Support Files/Pods-Temper/Pods-Temper.debug.xcconfig"; sourceTree = "<group>"; };
		FD685CB6114E2CC556E30B6F /* Pods-TemperTests.debug.xcconfig */ = {isa = PBXFileReference; includeInIndex = 1; lastKnownFileType = text.xcconfig; name = "Pods-TemperTests.debug.xcconfig"; path = "Target Support Files/Pods-TemperTests/Pods-TemperTests.debug.xcconfig"; sourceTree = "<group>"; };
/* End PBXFileReference section */

/* Begin PBXFrameworksBuildPhase section */
		5091442423A3C86F00E7E791 /* Frameworks */ = {
			isa = PBXFrameworksBuildPhase;
			buildActionMask = 2147483647;
			files = (
				1789C0911D5D38D216B078DB /* Pods_Temper.framework in Frameworks */,
			);
			runOnlyForDeploymentPostprocessing = 0;
		};
		5091443A23A3C87000E7E791 /* Frameworks */ = {
			isa = PBXFrameworksBuildPhase;
			buildActionMask = 2147483647;
			files = (
				5829583697994FF0131B48F3 /* Pods_TemperTests.framework in Frameworks */,
			);
			runOnlyForDeploymentPostprocessing = 0;
		};
/* End PBXFrameworksBuildPhase section */

/* Begin PBXGroup section */
		5091441E23A3C86F00E7E791 = {
			isa = PBXGroup;
			children = (
				5091442923A3C86F00E7E791 /* Temper */,
				5091444023A3C87000E7E791 /* TemperTests */,
				5091442823A3C86F00E7E791 /* Products */,
				F2086C3540E1D9694C47F6D9 /* Pods */,
				E927FD0A536633E6E932B03E /* Frameworks */,
			);
			sourceTree = "<group>";
		};
		5091442823A3C86F00E7E791 /* Products */ = {
			isa = PBXGroup;
			children = (
				5091442723A3C86F00E7E791 /* Temper.app */,
				5091443D23A3C87000E7E791 /* TemperTests.xctest */,
			);
			name = Products;
			sourceTree = "<group>";
		};
		5091442923A3C86F00E7E791 /* Temper */ = {
			isa = PBXGroup;
			children = (
				5091442A23A3C86F00E7E791 /* AppDelegate.swift */,
				5091442C23A3C86F00E7E791 /* SceneDelegate.swift */,
				5091442E23A3C86F00E7E791 /* ViewController.swift */,
				5091443023A3C86F00E7E791 /* Main.storyboard */,
				5091443323A3C87000E7E791 /* Assets.xcassets */,
				5091443523A3C87000E7E791 /* LaunchScreen.storyboard */,
				5091443823A3C87000E7E791 /* Info.plist */,
			);
			path = Temper;
			sourceTree = "<group>";
		};
		5091444023A3C87000E7E791 /* TemperTests */ = {
			isa = PBXGroup;
			children = (
				5091444123A3C87000E7E791 /* TemperTests.swift */,
				5091444323A3C87000E7E791 /* Info.plist */,
				50FA8E2223A59274007AA792 /* JobsPresenterTests.swift */,
			);
			path = TemperTests;
			sourceTree = "<group>";
		};
		E927FD0A536633E6E932B03E /* Frameworks */ = {
			isa = PBXGroup;
			children = (
				3DCA082CACB0ECA0DDA7307C /* Pods_Temper.framework */,
				CB3428D92716B0B1279B3EF4 /* Pods_TemperTests.framework */,
			);
			name = Frameworks;
			sourceTree = "<group>";
		};
		F2086C3540E1D9694C47F6D9 /* Pods */ = {
			isa = PBXGroup;
			children = (
				EF4EBD0B4BAC24441A5C2C00 /* Pods-Temper.debug.xcconfig */,
				0D0A526C2337F66D758EFF72 /* Pods-Temper.release.xcconfig */,
				FD685CB6114E2CC556E30B6F /* Pods-TemperTests.debug.xcconfig */,
				0822F683FE5440CFAC064533 /* Pods-TemperTests.release.xcconfig */,
			);
			path = Pods;
			sourceTree = "<group>";
		};
/* End PBXGroup section */

/* Begin PBXNativeTarget section */
		5091442623A3C86F00E7E791 /* Temper */ = {
			isa = PBXNativeTarget;
			buildConfigurationList = 5091444623A3C87000E7E791 /* Build configuration list for PBXNativeTarget "Temper" */;
			buildPhases = (
				6BCC1AF98BFD174862AD26BF /* [CP] Check Pods Manifest.lock */,
				5091442323A3C86F00E7E791 /* Sources */,
				5091442423A3C86F00E7E791 /* Frameworks */,
				5091442523A3C86F00E7E791 /* Resources */,
				9374CA3918C69A0FD79AF19E /* [CP] Embed Pods Frameworks */,
			);
			buildRules = (
			);
			dependencies = (
			);
			name = Temper;
			productName = Temper;
			productReference = 5091442723A3C86F00E7E791 /* Temper.app */;
			productType = "com.apple.product-type.application";
		};
		5091443C23A3C87000E7E791 /* TemperTests */ = {
			isa = PBXNativeTarget;
			buildConfigurationList = 5091444923A3C87000E7E791 /* Build configuration list for PBXNativeTarget "TemperTests" */;
			buildPhases = (
				9B812AF8A1A1426E637BD644 /* [CP] Check Pods Manifest.lock */,
				5091443923A3C87000E7E791 /* Sources */,
				5091443A23A3C87000E7E791 /* Frameworks */,
				5091443B23A3C87000E7E791 /* Resources */,
			);
			buildRules = (
			);
			dependencies = (
				5091443F23A3C87000E7E791 /* PBXTargetDependency */,
			);
			name = TemperTests;
			productName = TemperTests;
			productReference = 5091443D23A3C87000E7E791 /* TemperTests.xctest */;
			productType = "com.apple.product-type.bundle.unit-test";
		};
/* End PBXNativeTarget section */

/* Begin PBXProject section */
		5091441F23A3C86F00E7E791 /* Project object */ = {
			isa = PBXProject;
			attributes = {
				LastSwiftUpdateCheck = 1120;
				LastUpgradeCheck = 1120;
				ORGANIZATIONNAME = "Sameh Mabrouk";
				TargetAttributes = {
					5091442623A3C86F00E7E791 = {
						CreatedOnToolsVersion = 11.2.1;
					};
					5091443C23A3C87000E7E791 = {
						CreatedOnToolsVersion = 11.2.1;
						TestTargetID = 5091442623A3C86F00E7E791;
					};
				};
			};
			buildConfigurationList = 5091442223A3C86F00E7E791 /* Build configuration list for PBXProject "Temper" */;
			compatibilityVersion = "Xcode 9.3";
			developmentRegion = en;
			hasScannedForEncodings = 0;
			knownRegions = (
				en,
				Base,
			);
			mainGroup = 5091441E23A3C86F00E7E791;
			productRefGroup = 5091442823A3C86F00E7E791 /* Products */;
			projectDirPath = "";
			projectRoot = "";
			targets = (
				5091442623A3C86F00E7E791 /* Temper */,
				5091443C23A3C87000E7E791 /* TemperTests */,
			);
		};
/* End PBXProject section */

/* Begin PBXResourcesBuildPhase section */
		5091442523A3C86F00E7E791 /* Resources */ = {
			isa = PBXResourcesBuildPhase;
			buildActionMask = 2147483647;
			files = (
				5091443723A3C87000E7E791 /* LaunchScreen.storyboard in Resources */,
				5091443423A3C87000E7E791 /* Assets.xcassets in Resources */,
				5091443223A3C86F00E7E791 /* Main.storyboard in Resources */,
			);
			runOnlyForDeploymentPostprocessing = 0;
		};
		5091443B23A3C87000E7E791 /* Resources */ = {
			isa = PBXResourcesBuildPhase;
			buildActionMask = 2147483647;
			files = (
			);
			runOnlyForDeploymentPostprocessing = 0;
		};
/* End PBXResourcesBuildPhase section */

/* Begin PBXShellScriptBuildPhase section */
		6BCC1AF98BFD174862AD26BF /* [CP] Check Pods Manifest.lock */ = {
			isa = PBXShellScriptBuildPhase;
			buildActionMask = 2147483647;
			files = (
			);
			inputFileListPaths = (
			);
			inputPaths = (
				"${PODS_PODFILE_DIR_PATH}/Podfile.lock",
				"${PODS_ROOT}/Manifest.lock",
			);
			name = "[CP] Check Pods Manifest.lock";
			outputFileListPaths = (
			);
			outputPaths = (
				"$(DERIVED_FILE_DIR)/Pods-Temper-checkManifestLockResult.txt",
			);
			runOnlyForDeploymentPostprocessing = 0;
			shellPath = /bin/sh;
			shellScript = "diff \"${PODS_PODFILE_DIR_PATH}/Podfile.lock\" \"${PODS_ROOT}/Manifest.lock\" > /dev/null\nif [ $? != 0 ] ; then\n    # print error to STDERR\n    echo \"error: The sandbox is not in sync with the Podfile.lock. Run 'pod install' or update your CocoaPods installation.\" >&2\n    exit 1\nfi\n# This output is used by Xcode 'outputs' to avoid re-running this script phase.\necho \"SUCCESS\" > \"${SCRIPT_OUTPUT_FILE_0}\"\n";
			showEnvVarsInLog = 0;
		};
		9374CA3918C69A0FD79AF19E /* [CP] Embed Pods Frameworks */ = {
			isa = PBXShellScriptBuildPhase;
			buildActionMask = 2147483647;
			files = (
			);
			inputFileListPaths = (
				"${PODS_ROOT}/Target Support Files/Pods-Temper/Pods-Temper-frameworks-${CONFIGURATION}-input-files.xcfilelist",
			);
			name = "[CP] Embed Pods Frameworks";
			outputFileListPaths = (
				"${PODS_ROOT}/Target Support Files/Pods-Temper/Pods-Temper-frameworks-${CONFIGURATION}-output-files.xcfilelist",
			);
			runOnlyForDeploymentPostprocessing = 0;
			shellPath = /bin/sh;
			shellScript = "\"${PODS_ROOT}/Target Support Files/Pods-Temper/Pods-Temper-frameworks.sh\"\n";
			showEnvVarsInLog = 0;
		};
		9B812AF8A1A1426E637BD644 /* [CP] Check Pods Manifest.lock */ = {
			isa = PBXShellScriptBuildPhase;
			buildActionMask = 2147483647;
			files = (
			);
			inputFileListPaths = (
			);
			inputPaths = (
				"${PODS_PODFILE_DIR_PATH}/Podfile.lock",
				"${PODS_ROOT}/Manifest.lock",
			);
			name = "[CP] Check Pods Manifest.lock";
			outputFileListPaths = (
			);
			outputPaths = (
				"$(DERIVED_FILE_DIR)/Pods-TemperTests-checkManifestLockResult.txt",
			);
			runOnlyForDeploymentPostprocessing = 0;
			shellPath = /bin/sh;
			shellScript = "diff \"${PODS_PODFILE_DIR_PATH}/Podfile.lock\" \"${PODS_ROOT}/Manifest.lock\" > /dev/null\nif [ $? != 0 ] ; then\n    # print error to STDERR\n    echo \"error: The sandbox is not in sync with the Podfile.lock. Run 'pod install' or update your CocoaPods installation.\" >&2\n    exit 1\nfi\n# This output is used by Xcode 'outputs' to avoid re-running this script phase.\necho \"SUCCESS\" > \"${SCRIPT_OUTPUT_FILE_0}\"\n";
			showEnvVarsInLog = 0;
		};
/* End PBXShellScriptBuildPhase section */

/* Begin PBXSourcesBuildPhase section */
		5091442323A3C86F00E7E791 /* Sources */ = {
			isa = PBXSourcesBuildPhase;
			buildActionMask = 2147483647;
			files = (
				5091442F23A3C86F00E7E791 /* ViewController.swift in Sources */,
				5091442B23A3C86F00E7E791 /* AppDelegate.swift in Sources */,
				5091442D23A3C86F00E7E791 /* SceneDelegate.swift in Sources */,
			);
			runOnlyForDeploymentPostprocessing = 0;
		};
		5091443923A3C87000E7E791 /* Sources */ = {
			isa = PBXSourcesBuildPhase;
			buildActionMask = 2147483647;
			files = (
				50FA8E2323A59274007AA792 /* JobsPresenterTests.swift in Sources */,
				5091444223A3C87000E7E791 /* TemperTests.swift in Sources */,
			);
			runOnlyForDeploymentPostprocessing = 0;
		};
/* End PBXSourcesBuildPhase section */

/* Begin PBXTargetDependency section */
		5091443F23A3C87000E7E791 /* PBXTargetDependency */ = {
			isa = PBXTargetDependency;
			target = 5091442623A3C86F00E7E791 /* Temper */;
			targetProxy = 5091443E23A3C87000E7E791 /* PBXContainerItemProxy */;
		};
/* End PBXTargetDependency section */

/* Begin PBXVariantGroup section */
		5091443023A3C86F00E7E791 /* Main.storyboard */ = {
			isa = PBXVariantGroup;
			children = (
				5091443123A3C86F00E7E791 /* Base */,
			);
			name = Main.storyboard;
			sourceTree = "<group>";
		};
		5091443523A3C87000E7E791 /* LaunchScreen.storyboard */ = {
			isa = PBXVariantGroup;
			children = (
				5091443623A3C87000E7E791 /* Base */,
			);
			name = LaunchScreen.storyboard;
			sourceTree = "<group>";
		};
/* End PBXVariantGroup section */

/* Begin XCBuildConfiguration section */
		5091444423A3C87000E7E791 /* Debug */ = {
			isa = XCBuildConfiguration;
			buildSettings = {
				ALWAYS_SEARCH_USER_PATHS = NO;
				CLANG_ANALYZER_NONNULL = YES;
				CLANG_ANALYZER_NUMBER_OBJECT_CONVERSION = YES_AGGRESSIVE;
				CLANG_CXX_LANGUAGE_STANDARD = "gnu++14";
				CLANG_CXX_LIBRARY = "libc++";
				CLANG_ENABLE_MODULES = YES;
				CLANG_ENABLE_OBJC_ARC = YES;
				CLANG_ENABLE_OBJC_WEAK = YES;
				CLANG_WARN_BLOCK_CAPTURE_AUTORELEASING = YES;
				CLANG_WARN_BOOL_CONVERSION = YES;
				CLANG_WARN_COMMA = YES;
				CLANG_WARN_CONSTANT_CONVERSION = YES;
				CLANG_WARN_DEPRECATED_OBJC_IMPLEMENTATIONS = YES;
				CLANG_WARN_DIRECT_OBJC_ISA_USAGE = YES_ERROR;
				CLANG_WARN_DOCUMENTATION_COMMENTS = YES;
				CLANG_WARN_EMPTY_BODY = YES;
				CLANG_WARN_ENUM_CONVERSION = YES;
				CLANG_WARN_INFINITE_RECURSION = YES;
				CLANG_WARN_INT_CONVERSION = YES;
				CLANG_WARN_NON_LITERAL_NULL_CONVERSION = YES;
				CLANG_WARN_OBJC_IMPLICIT_RETAIN_SELF = YES;
				CLANG_WARN_OBJC_LITERAL_CONVERSION = YES;
				CLANG_WARN_OBJC_ROOT_CLASS = YES_ERROR;
				CLANG_WARN_RANGE_LOOP_ANALYSIS = YES;
				CLANG_WARN_STRICT_PROTOTYPES = YES;
				CLANG_WARN_SUSPICIOUS_MOVE = YES;
				CLANG_WARN_UNGUARDED_AVAILABILITY = YES_AGGRESSIVE;
				CLANG_WARN_UNREACHABLE_CODE = YES;
				CLANG_WARN__DUPLICATE_METHOD_MATCH = YES;
				COPY_PHASE_STRIP = NO;
				DEBUG_INFORMATION_FORMAT = dwarf;
				ENABLE_STRICT_OBJC_MSGSEND = YES;
				ENABLE_TESTABILITY = YES;
				GCC_C_LANGUAGE_STANDARD = gnu11;
				GCC_DYNAMIC_NO_PIC = NO;
				GCC_NO_COMMON_BLOCKS = YES;
				GCC_OPTIMIZATION_LEVEL = 0;
				GCC_PREPROCESSOR_DEFINITIONS = (
					"DEBUG=1",
					"$(inherited)",
				);
				GCC_WARN_64_TO_32_BIT_CONVERSION = YES;
				GCC_WARN_ABOUT_RETURN_TYPE = YES_ERROR;
				GCC_WARN_UNDECLARED_SELECTOR = YES;
				GCC_WARN_UNINITIALIZED_AUTOS = YES_AGGRESSIVE;
				GCC_WARN_UNUSED_FUNCTION = YES;
				GCC_WARN_UNUSED_VARIABLE = YES;
				IPHONEOS_DEPLOYMENT_TARGET = 13.2;
				MTL_ENABLE_DEBUG_INFO = INCLUDE_SOURCE;
				MTL_FAST_MATH = YES;
				ONLY_ACTIVE_ARCH = YES;
				SDKROOT = iphoneos;
				SWIFT_ACTIVE_COMPILATION_CONDITIONS = DEBUG;
				SWIFT_OPTIMIZATION_LEVEL = "-Onone";
			};
			name = Debug;
		};
		5091444523A3C87000E7E791 /* Release */ = {
			isa = XCBuildConfiguration;
			buildSettings = {
				ALWAYS_SEARCH_USER_PATHS = NO;
				CLANG_ANALYZER_NONNULL = YES;
				CLANG_ANALYZER_NUMBER_OBJECT_CONVERSION = YES_AGGRESSIVE;
				CLANG_CXX_LANGUAGE_STANDARD = "gnu++14";
				CLANG_CXX_LIBRARY = "libc++";
				CLANG_ENABLE_MODULES = YES;
				CLANG_ENABLE_OBJC_ARC = YES;
				CLANG_ENABLE_OBJC_WEAK = YES;
				CLANG_WARN_BLOCK_CAPTURE_AUTORELEASING = YES;
				CLANG_WARN_BOOL_CONVERSION = YES;
				CLANG_WARN_COMMA = YES;
				CLANG_WARN_CONSTANT_CONVERSION = YES;
				CLANG_WARN_DEPRECATED_OBJC_IMPLEMENTATIONS = YES;
				CLANG_WARN_DIRECT_OBJC_ISA_USAGE = YES_ERROR;
				CLANG_WARN_DOCUMENTATION_COMMENTS = YES;
				CLANG_WARN_EMPTY_BODY = YES;
				CLANG_WARN_ENUM_CONVERSION = YES;
				CLANG_WARN_INFINITE_RECURSION = YES;
				CLANG_WARN_INT_CONVERSION = YES;
				CLANG_WARN_NON_LITERAL_NULL_CONVERSION = YES;
				CLANG_WARN_OBJC_IMPLICIT_RETAIN_SELF = YES;
				CLANG_WARN_OBJC_LITERAL_CONVERSION = YES;
				CLANG_WARN_OBJC_ROOT_CLASS = YES_ERROR;
				CLANG_WARN_RANGE_LOOP_ANALYSIS = YES;
				CLANG_WARN_STRICT_PROTOTYPES = YES;
				CLANG_WARN_SUSPICIOUS_MOVE = YES;
				CLANG_WARN_UNGUARDED_AVAILABILITY = YES_AGGRESSIVE;
				CLANG_WARN_UNREACHABLE_CODE = YES;
				CLANG_WARN__DUPLICATE_METHOD_MATCH = YES;
				COPY_PHASE_STRIP = NO;
				DEBUG_INFORMATION_FORMAT = "dwarf-with-dsym";
				ENABLE_NS_ASSERTIONS = NO;
				ENABLE_STRICT_OBJC_MSGSEND = YES;
				GCC_C_LANGUAGE_STANDARD = gnu11;
				GCC_NO_COMMON_BLOCKS = YES;
				GCC_WARN_64_TO_32_BIT_CONVERSION = YES;
				GCC_WARN_ABOUT_RETURN_TYPE = YES_ERROR;
				GCC_WARN_UNDECLARED_SELECTOR = YES;
				GCC_WARN_UNINITIALIZED_AUTOS = YES_AGGRESSIVE;
				GCC_WARN_UNUSED_FUNCTION = YES;
				GCC_WARN_UNUSED_VARIABLE = YES;
				IPHONEOS_DEPLOYMENT_TARGET = 13.2;
				MTL_ENABLE_DEBUG_INFO = NO;
				MTL_FAST_MATH = YES;
				SDKROOT = iphoneos;
				SWIFT_COMPILATION_MODE = wholemodule;
				SWIFT_OPTIMIZATION_LEVEL = "-O";
				VALIDATE_PRODUCT = YES;
			};
			name = Release;
		};
		5091444723A3C87000E7E791 /* Debug */ = {
			isa = XCBuildConfiguration;
			baseConfigurationReference = EF4EBD0B4BAC24441A5C2C00 /* Pods-Temper.debug.xcconfig */;
			buildSettings = {
				ASSETCATALOG_COMPILER_APPICON_NAME = AppIcon;
				CODE_SIGN_STYLE = Automatic;
				DEVELOPMENT_TEAM = 8U3N7M58T5;
				INFOPLIST_FILE = Temper/Info.plist;
				LD_RUNPATH_SEARCH_PATHS = (
					"$(inherited)",
					"@executable_path/Frameworks",
				);
				PRODUCT_BUNDLE_IDENTIFIER = com.smapps.Temper;
				PRODUCT_NAME = "$(TARGET_NAME)";
				SWIFT_VERSION = 5.0;
				TARGETED_DEVICE_FAMILY = "1,2";
			};
			name = Debug;
		};
		5091444823A3C87000E7E791 /* Release */ = {
			isa = XCBuildConfiguration;
			baseConfigurationReference = 0D0A526C2337F66D758EFF72 /* Pods-Temper.release.xcconfig */;
			buildSettings = {
				ASSETCATALOG_COMPILER_APPICON_NAME = AppIcon;
				CODE_SIGN_STYLE = Automatic;
				DEVELOPMENT_TEAM = 8U3N7M58T5;
				INFOPLIST_FILE = Temper/Info.plist;
				LD_RUNPATH_SEARCH_PATHS = (
					"$(inherited)",
					"@executable_path/Frameworks",
				);
				PRODUCT_BUNDLE_IDENTIFIER = com.smapps.Temper;
				PRODUCT_NAME = "$(TARGET_NAME)";
				SWIFT_VERSION = 5.0;
				TARGETED_DEVICE_FAMILY = "1,2";
			};
			name = Release;
		};
		5091444A23A3C87000E7E791 /* Debug */ = {
			isa = XCBuildConfiguration;
			baseConfigurationReference = FD685CB6114E2CC556E30B6F /* Pods-TemperTests.debug.xcconfig */;
			buildSettings = {
				ALWAYS_EMBED_SWIFT_STANDARD_LIBRARIES = YES;
				BUNDLE_LOADER = "$(TEST_HOST)";
				CODE_SIGN_STYLE = Automatic;
				DEVELOPMENT_TEAM = 8U3N7M58T5;
				INFOPLIST_FILE = TemperTests/Info.plist;
				IPHONEOS_DEPLOYMENT_TARGET = 13.2;
				LD_RUNPATH_SEARCH_PATHS = (
					"$(inherited)",
					"@executable_path/Frameworks",
					"@loader_path/Frameworks",
				);
				PRODUCT_BUNDLE_IDENTIFIER = com.smapps.TemperTests;
				PRODUCT_NAME = "$(TARGET_NAME)";
				SWIFT_VERSION = 5.0;
				TARGETED_DEVICE_FAMILY = "1,2";
				TEST_HOST = "$(BUILT_PRODUCTS_DIR)/Temper.app/Temper";
			};
			name = Debug;
		};
		5091444B23A3C87000E7E791 /* Release */ = {
			isa = XCBuildConfiguration;
			baseConfigurationReference = 0822F683FE5440CFAC064533 /* Pods-TemperTests.release.xcconfig */;
			buildSettings = {
				ALWAYS_EMBED_SWIFT_STANDARD_LIBRARIES = YES;
				BUNDLE_LOADER = "$(TEST_HOST)";
				CODE_SIGN_STYLE = Automatic;
				DEVELOPMENT_TEAM = 8U3N7M58T5;
				INFOPLIST_FILE = TemperTests/Info.plist;
				IPHONEOS_DEPLOYMENT_TARGET = 13.2;
				LD_RUNPATH_SEARCH_PATHS = (
					"$(inherited)",
					"@executable_path/Frameworks",
					"@loader_path/Frameworks",
				);
				PRODUCT_BUNDLE_IDENTIFIER = com.smapps.TemperTests;
				PRODUCT_NAME = "$(TARGET_NAME)";
				SWIFT_VERSION = 5.0;
				TARGETED_DEVICE_FAMILY = "1,2";
				TEST_HOST = "$(BUILT_PRODUCTS_DIR)/Temper.app/Temper";
			};
			name = Release;
		};
/* End XCBuildConfiguration section */

/* Begin XCConfigurationList section */
		5091442223A3C86F00E7E791 /* Build configuration list for PBXProject "Temper" */ = {
			isa = XCConfigurationList;
			buildConfigurations = (
				5091444423A3C87000E7E791 /* Debug */,
				5091444523A3C87000E7E791 /* Release */,
			);
			defaultConfigurationIsVisible = 0;
			defaultConfigurationName = Release;
		};
		5091444623A3C87000E7E791 /* Build configuration list for PBXNativeTarget "Temper" */ = {
			isa = XCConfigurationList;
			buildConfigurations = (
				5091444723A3C87000E7E791 /* Debug */,
				5091444823A3C87000E7E791 /* Release */,
			);
			defaultConfigurationIsVisible = 0;
			defaultConfigurationName = Release;
		};
		5091444923A3C87000E7E791 /* Build configuration list for PBXNativeTarget "TemperTests" */ = {
			isa = XCConfigurationList;
			buildConfigurations = (
				5091444A23A3C87000E7E791 /* Debug */,
				5091444B23A3C87000E7E791 /* Release */,
			);
			defaultConfigurationIsVisible = 0;
			defaultConfigurationName = Release;
		};
/* End XCConfigurationList section */
	};
	rootObject = 5091441F23A3C86F00E7E791 /* Project object */;
}
