// !$*UTF8*$!
{
	archiveVersion = 1;
	classes = {
	};
	objectVersion = 51;
	objects = {

/* Begin PBXBuildFile section */
		1789C0911D5D38D216B078DB /* Pods_Temper.framework in Frameworks */ = {isa = PBXBuildFile; fileRef = 3DCA082CACB0ECA0DDA7307C /* Pods_Temper.framework */; };
		501C281323A8D919007ECE6F /* Config.swift in Sources */ = {isa = PBXBuildFile; fileRef = 501C281223A8D919007ECE6F /* Config.swift */; };
		501C281723A8DAFB007ECE6F /* Constants.swift in Sources */ = {isa = PBXBuildFile; fileRef = 501C281623A8DAFB007ECE6F /* Constants.swift */; };
		501C281923A8E009007ECE6F /* NetworkRequestRetrier.swift in Sources */ = {isa = PBXBuildFile; fileRef = 501C281823A8E009007ECE6F /* NetworkRequestRetrier.swift */; };
		501C281C23A8E644007ECE6F /* JSONDecoder+Extenstions.swift in Sources */ = {isa = PBXBuildFile; fileRef = 501C281B23A8E644007ECE6F /* JSONDecoder+Extenstions.swift */; };
		501C281F23A8E781007ECE6F /* TemperError.swift in Sources */ = {isa = PBXBuildFile; fileRef = 501C281E23A8E781007ECE6F /* TemperError.swift */; };
		501C282123A8EDD8007ECE6F /* TemperData.swift in Sources */ = {isa = PBXBuildFile; fileRef = 501C282023A8EDD8007ECE6F /* TemperData.swift */; };
		501C282323A8FE7F007ECE6F /* Client.swift in Sources */ = {isa = PBXBuildFile; fileRef = 501C282223A8FE7F007ECE6F /* Client.swift */; };
		501C282523A8FE94007ECE6F /* Photo.swift in Sources */ = {isa = PBXBuildFile; fileRef = 501C282423A8FE94007ECE6F /* Photo.swift */; };
		501C282723A8FEAD007ECE6F /* JobCategory.swift in Sources */ = {isa = PBXBuildFile; fileRef = 501C282623A8FEAD007ECE6F /* JobCategory.swift */; };
		501C282923A8FEBC007ECE6F /* Shift.swift in Sources */ = {isa = PBXBuildFile; fileRef = 501C282823A8FEBC007ECE6F /* Shift.swift */; };
		501C282B23A8FED3007ECE6F /* TemperContent.swift in Sources */ = {isa = PBXBuildFile; fileRef = 501C282A23A8FED3007ECE6F /* TemperContent.swift */; };
		501C282F23A92AFF007ECE6F /* TemperModule.swift in Sources */ = {isa = PBXBuildFile; fileRef = 501C282E23A92AFF007ECE6F /* TemperModule.swift */; };
		501C283123A92B6A007ECE6F /* JobsModuleBuilder.swift in Sources */ = {isa = PBXBuildFile; fileRef = 501C283023A92B6A007ECE6F /* JobsModuleBuilder.swift */; };
		501C283323A92BDA007ECE6F /* ModuleBuildable.swift in Sources */ = {isa = PBXBuildFile; fileRef = 501C283223A92BDA007ECE6F /* ModuleBuildable.swift */; };
		501C283A23A96666007ECE6F /* TemperBaseViewController.swift in Sources */ = {isa = PBXBuildFile; fileRef = 501C283923A96666007ECE6F /* TemperBaseViewController.swift */; };
		501C283C23A966C0007ECE6F /* TemperPresentable.swift in Sources */ = {isa = PBXBuildFile; fileRef = 501C283B23A966C0007ECE6F /* TemperPresentable.swift */; };
		501C283F23A972EB007ECE6F /* SharedContainer.swift in Sources */ = {isa = PBXBuildFile; fileRef = 501C283E23A972EB007ECE6F /* SharedContainer.swift */; };
		501C284223A976B2007ECE6F /* Jobs.storyboard in Resources */ = {isa = PBXBuildFile; fileRef = 501C284123A976B2007ECE6F /* Jobs.storyboard */; };
		501C284523A977E7007ECE6F /* StoryboardInstantiateType.swift in Sources */ = {isa = PBXBuildFile; fileRef = 501C284423A977E7007ECE6F /* StoryboardInstantiateType.swift */; };
		501C284723A977F5007ECE6F /* StoryboardInstantiatable.swift in Sources */ = {isa = PBXBuildFile; fileRef = 501C284623A977F5007ECE6F /* StoryboardInstantiatable.swift */; };
		501C284923A97813007ECE6F /* NSObject+Util.swift in Sources */ = {isa = PBXBuildFile; fileRef = 501C284823A97813007ECE6F /* NSObject+Util.swift */; };
		501C284B23A9817B007ECE6F /* Router.swift in Sources */ = {isa = PBXBuildFile; fileRef = 501C284A23A9817B007ECE6F /* Router.swift */; };
		501C285223AA365D007ECE6F /* JobsRouter.swift in Sources */ = {isa = PBXBuildFile; fileRef = 501C285123AA365D007ECE6F /* JobsRouter.swift */; };
		5091442B23A3C86F00E7E791 /* AppDelegate.swift in Sources */ = {isa = PBXBuildFile; fileRef = 5091442A23A3C86F00E7E791 /* AppDelegate.swift */; };
		5091442D23A3C86F00E7E791 /* SceneDelegate.swift in Sources */ = {isa = PBXBuildFile; fileRef = 5091442C23A3C86F00E7E791 /* SceneDelegate.swift */; };
		5091443423A3C87000E7E791 /* Assets.xcassets in Resources */ = {isa = PBXBuildFile; fileRef = 5091443323A3C87000E7E791 /* Assets.xcassets */; };
		5091443723A3C87000E7E791 /* LaunchScreen.storyboard in Resources */ = {isa = PBXBuildFile; fileRef = 5091443523A3C87000E7E791 /* LaunchScreen.storyboard */; };
		50A711E323A81C6900961415 /* NetworkRouter.swift in Sources */ = {isa = PBXBuildFile; fileRef = 50A711E223A81C6900961415 /* NetworkRouter.swift */; };
		50CA8EE823A7BCD800A6DF65 /* JobsViewControllerMock.swift in Sources */ = {isa = PBXBuildFile; fileRef = 50CA8EE723A7BCD800A6DF65 /* JobsViewControllerMock.swift */; };
		50CA8EEA23A7BD0400A6DF65 /* JobsInteractorMock.swift in Sources */ = {isa = PBXBuildFile; fileRef = 50CA8EE923A7BD0400A6DF65 /* JobsInteractorMock.swift */; };
		50FA8E2323A59274007AA792 /* JobsPresenterTests.swift in Sources */ = {isa = PBXBuildFile; fileRef = 50FA8E2223A59274007AA792 /* JobsPresenterTests.swift */; };
		50FA8E2723A67427007AA792 /* JobsViewController.swift in Sources */ = {isa = PBXBuildFile; fileRef = 50FA8E2623A67427007AA792 /* JobsViewController.swift */; };
		50FA8E2D23A67DCB007AA792 /* JobsPresenter.swift in Sources */ = {isa = PBXBuildFile; fileRef = 50FA8E2C23A67DCB007AA792 /* JobsPresenter.swift */; };
		50FA8E2F23A67E1A007AA792 /* JobsPresentable.swift in Sources */ = {isa = PBXBuildFile; fileRef = 50FA8E2E23A67E1A007AA792 /* JobsPresentable.swift */; };
		50FA8E3223A684D6007AA792 /* JobsInteractable.swift in Sources */ = {isa = PBXBuildFile; fileRef = 50FA8E3123A684D6007AA792 /* JobsInteractable.swift */; };
		50FA8E3623A6887F007AA792 /* JobsInteractor.swift in Sources */ = {isa = PBXBuildFile; fileRef = 50FA8E3523A6887F007AA792 /* JobsInteractor.swift */; };
		50FA8E3923A6892E007AA792 /* JobsService.swift in Sources */ = {isa = PBXBuildFile; fileRef = 50FA8E3823A6892E007AA792 /* JobsService.swift */; };
		50FA8E3C23A7A962007AA792 /* Job.swift in Sources */ = {isa = PBXBuildFile; fileRef = 50FA8E3B23A7A962007AA792 /* Job.swift */; };
		50FA8E3E23A7ABF3007AA792 /* JobsViewable.swift in Sources */ = {isa = PBXBuildFile; fileRef = 50FA8E3D23A7ABF3007AA792 /* JobsViewable.swift */; };
		5829583697994FF0131B48F3 /* Pods_TemperTests.framework in Frameworks */ = {isa = PBXBuildFile; fileRef = CB3428D92716B0B1279B3EF4 /* Pods_TemperTests.framework */; };
/* End PBXBuildFile section */

/* Begin PBXContainerItemProxy section */
		5091443E23A3C87000E7E791 /* PBXContainerItemProxy */ = {
			isa = PBXContainerItemProxy;
			containerPortal = 5091441F23A3C86F00E7E791 /* Project object */;
			proxyType = 1;
			remoteGlobalIDString = 5091442623A3C86F00E7E791;
			remoteInfo = Temper;
		};
/* End PBXContainerItemProxy section */

/* Begin PBXFileReference section */
		0822F683FE5440CFAC064533 /* Pods-TemperTests.release.xcconfig */ = {isa = PBXFileReference; includeInIndex = 1; lastKnownFileType = text.xcconfig; name = "Pods-TemperTests.release.xcconfig"; path = "Target Support Files/Pods-TemperTests/Pods-TemperTests.release.xcconfig"; sourceTree = "<group>"; };
		0D0A526C2337F66D758EFF72 /* Pods-Temper.release.xcconfig */ = {isa = PBXFileReference; includeInIndex = 1; lastKnownFileType = text.xcconfig; name = "Pods-Temper.release.xcconfig"; path = "Target Support Files/Pods-Temper/Pods-Temper.release.xcconfig"; sourceTree = "<group>"; };
		3DCA082CACB0ECA0DDA7307C /* Pods_Temper.framework */ = {isa = PBXFileReference; explicitFileType = wrapper.framework; includeInIndex = 0; path = Pods_Temper.framework; sourceTree = BUILT_PRODUCTS_DIR; };
		500F2AEF23A8C1D500CCCAEA /* Production.xcconfig */ = {isa = PBXFileReference; lastKnownFileType = text.xcconfig; path = Production.xcconfig; sourceTree = "<group>"; };
		500F2AF023A8C1E200CCCAEA /* Staging.xcconfig */ = {isa = PBXFileReference; lastKnownFileType = text.xcconfig; path = Staging.xcconfig; sourceTree = "<group>"; };
		501C281023A8D843007ECE6F /* Common.xcconfig */ = {isa = PBXFileReference; lastKnownFileType = text.xcconfig; path = Common.xcconfig; sourceTree = "<group>"; };
		501C281223A8D919007ECE6F /* Config.swift */ = {isa = PBXFileReference; lastKnownFileType = sourcecode.swift; path = Config.swift; sourceTree = "<group>"; };
		501C281623A8DAFB007ECE6F /* Constants.swift */ = {isa = PBXFileReference; lastKnownFileType = sourcecode.swift; path = Constants.swift; sourceTree = "<group>"; };
		501C281823A8E009007ECE6F /* NetworkRequestRetrier.swift */ = {isa = PBXFileReference; lastKnownFileType = sourcecode.swift; path = NetworkRequestRetrier.swift; sourceTree = "<group>"; };
		501C281B23A8E644007ECE6F /* JSONDecoder+Extenstions.swift */ = {isa = PBXFileReference; lastKnownFileType = sourcecode.swift; path = "JSONDecoder+Extenstions.swift"; sourceTree = "<group>"; };
		501C281E23A8E781007ECE6F /* TemperError.swift */ = {isa = PBXFileReference; lastKnownFileType = sourcecode.swift; path = TemperError.swift; sourceTree = "<group>"; };
		501C282023A8EDD8007ECE6F /* TemperData.swift */ = {isa = PBXFileReference; lastKnownFileType = sourcecode.swift; path = TemperData.swift; sourceTree = "<group>"; };
		501C282223A8FE7F007ECE6F /* Client.swift */ = {isa = PBXFileReference; lastKnownFileType = sourcecode.swift; path = Client.swift; sourceTree = "<group>"; };
		501C282423A8FE94007ECE6F /* Photo.swift */ = {isa = PBXFileReference; lastKnownFileType = sourcecode.swift; path = Photo.swift; sourceTree = "<group>"; };
		501C282623A8FEAD007ECE6F /* JobCategory.swift */ = {isa = PBXFileReference; lastKnownFileType = sourcecode.swift; path = JobCategory.swift; sourceTree = "<group>"; };
		501C282823A8FEBC007ECE6F /* Shift.swift */ = {isa = PBXFileReference; lastKnownFileType = sourcecode.swift; path = Shift.swift; sourceTree = "<group>"; };
		501C282A23A8FED3007ECE6F /* TemperContent.swift */ = {isa = PBXFileReference; lastKnownFileType = sourcecode.swift; path = TemperContent.swift; sourceTree = "<group>"; };
		501C282E23A92AFF007ECE6F /* TemperModule.swift */ = {isa = PBXFileReference; lastKnownFileType = sourcecode.swift; path = TemperModule.swift; sourceTree = "<group>"; };
		501C283023A92B6A007ECE6F /* JobsModuleBuilder.swift */ = {isa = PBXFileReference; lastKnownFileType = sourcecode.swift; path = JobsModuleBuilder.swift; sourceTree = "<group>"; };
		501C283223A92BDA007ECE6F /* ModuleBuildable.swift */ = {isa = PBXFileReference; lastKnownFileType = sourcecode.swift; path = ModuleBuildable.swift; sourceTree = "<group>"; };
		501C283923A96666007ECE6F /* TemperBaseViewController.swift */ = {isa = PBXFileReference; lastKnownFileType = sourcecode.swift; path = TemperBaseViewController.swift; sourceTree = "<group>"; };
		501C283B23A966C0007ECE6F /* TemperPresentable.swift */ = {isa = PBXFileReference; lastKnownFileType = sourcecode.swift; path = TemperPresentable.swift; sourceTree = "<group>"; };
		501C283E23A972EB007ECE6F /* SharedContainer.swift */ = {isa = PBXFileReference; lastKnownFileType = sourcecode.swift; path = SharedContainer.swift; sourceTree = "<group>"; };
		501C284123A976B2007ECE6F /* Jobs.storyboard */ = {isa = PBXFileReference; lastKnownFileType = file.storyboard; path = Jobs.storyboard; sourceTree = "<group>"; };
		501C284423A977E7007ECE6F /* StoryboardInstantiateType.swift */ = {isa = PBXFileReference; lastKnownFileType = sourcecode.swift; path = StoryboardInstantiateType.swift; sourceTree = "<group>"; };
		501C284623A977F5007ECE6F /* StoryboardInstantiatable.swift */ = {isa = PBXFileReference; lastKnownFileType = sourcecode.swift; path = StoryboardInstantiatable.swift; sourceTree = "<group>"; };
		501C284823A97813007ECE6F /* NSObject+Util.swift */ = {isa = PBXFileReference; lastKnownFileType = sourcecode.swift; path = "NSObject+Util.swift"; sourceTree = "<group>"; };
		501C284A23A9817B007ECE6F /* Router.swift */ = {isa = PBXFileReference; lastKnownFileType = sourcecode.swift; path = Router.swift; sourceTree = "<group>"; };
		501C285123AA365D007ECE6F /* JobsRouter.swift */ = {isa = PBXFileReference; lastKnownFileType = sourcecode.swift; path = JobsRouter.swift; sourceTree = "<group>"; };
		5091442723A3C86F00E7E791 /* Temper.app */ = {isa = PBXFileReference; explicitFileType = wrapper.application; includeInIndex = 0; path = Temper.app; sourceTree = BUILT_PRODUCTS_DIR; };
		5091442A23A3C86F00E7E791 /* AppDelegate.swift */ = {isa = PBXFileReference; lastKnownFileType = sourcecode.swift; path = AppDelegate.swift; sourceTree = "<group>"; };
		5091442C23A3C86F00E7E791 /* SceneDelegate.swift */ = {isa = PBXFileReference; lastKnownFileType = sourcecode.swift; path = SceneDelegate.swift; sourceTree = "<group>"; };
		5091443323A3C87000E7E791 /* Assets.xcassets */ = {isa = PBXFileReference; lastKnownFileType = folder.assetcatalog; path = Assets.xcassets; sourceTree = "<group>"; };
		5091443623A3C87000E7E791 /* Base */ = {isa = PBXFileReference; lastKnownFileType = file.storyboard; name = Base; path = Base.lproj/LaunchScreen.storyboard; sourceTree = "<group>"; };
		5091443823A3C87000E7E791 /* Info.plist */ = {isa = PBXFileReference; lastKnownFileType = text.plist.xml; path = Info.plist; sourceTree = "<group>"; };
		5091443D23A3C87000E7E791 /* TemperTests.xctest */ = {isa = PBXFileReference; explicitFileType = wrapper.cfbundle; includeInIndex = 0; path = TemperTests.xctest; sourceTree = BUILT_PRODUCTS_DIR; };
		5091444323A3C87000E7E791 /* Info.plist */ = {isa = PBXFileReference; lastKnownFileType = text.plist.xml; path = Info.plist; sourceTree = "<group>"; };
		50A711E223A81C6900961415 /* NetworkRouter.swift */ = {isa = PBXFileReference; lastKnownFileType = sourcecode.swift; path = NetworkRouter.swift; sourceTree = "<group>"; };
		50CA8EE723A7BCD800A6DF65 /* JobsViewControllerMock.swift */ = {isa = PBXFileReference; lastKnownFileType = sourcecode.swift; path = JobsViewControllerMock.swift; sourceTree = "<group>"; };
		50CA8EE923A7BD0400A6DF65 /* JobsInteractorMock.swift */ = {isa = PBXFileReference; lastKnownFileType = sourcecode.swift; path = JobsInteractorMock.swift; sourceTree = "<group>"; };
		50FA8E2223A59274007AA792 /* JobsPresenterTests.swift */ = {isa = PBXFileReference; lastKnownFileType = sourcecode.swift; path = JobsPresenterTests.swift; sourceTree = "<group>"; };
		50FA8E2623A67427007AA792 /* JobsViewController.swift */ = {isa = PBXFileReference; lastKnownFileType = sourcecode.swift; path = JobsViewController.swift; sourceTree = "<group>"; };
		50FA8E2C23A67DCB007AA792 /* JobsPresenter.swift */ = {isa = PBXFileReference; lastKnownFileType = sourcecode.swift; path = JobsPresenter.swift; sourceTree = "<group>"; };
		50FA8E2E23A67E1A007AA792 /* JobsPresentable.swift */ = {isa = PBXFileReference; lastKnownFileType = sourcecode.swift; path = JobsPresentable.swift; sourceTree = "<group>"; };
		50FA8E3123A684D6007AA792 /* JobsInteractable.swift */ = {isa = PBXFileReference; lastKnownFileType = sourcecode.swift; path = JobsInteractable.swift; sourceTree = "<group>"; };
		50FA8E3523A6887F007AA792 /* JobsInteractor.swift */ = {isa = PBXFileReference; lastKnownFileType = sourcecode.swift; path = JobsInteractor.swift; sourceTree = "<group>"; };
		50FA8E3823A6892E007AA792 /* JobsService.swift */ = {isa = PBXFileReference; lastKnownFileType = sourcecode.swift; path = JobsService.swift; sourceTree = "<group>"; };
		50FA8E3B23A7A962007AA792 /* Job.swift */ = {isa = PBXFileReference; lastKnownFileType = sourcecode.swift; path = Job.swift; sourceTree = "<group>"; };
		50FA8E3D23A7ABF3007AA792 /* JobsViewable.swift */ = {isa = PBXFileReference; lastKnownFileType = sourcecode.swift; path = JobsViewable.swift; sourceTree = "<group>"; };
		CB3428D92716B0B1279B3EF4 /* Pods_TemperTests.framework */ = {isa = PBXFileReference; explicitFileType = wrapper.framework; includeInIndex = 0; path = Pods_TemperTests.framework; sourceTree = BUILT_PRODUCTS_DIR; };
		EF4EBD0B4BAC24441A5C2C00 /* Pods-Temper.debug.xcconfig */ = {isa = PBXFileReference; includeInIndex = 1; lastKnownFileType = text.xcconfig; name = "Pods-Temper.debug.xcconfig"; path = "Target Support Files/Pods-Temper/Pods-Temper.debug.xcconfig"; sourceTree = "<group>"; };
		FD685CB6114E2CC556E30B6F /* Pods-TemperTests.debug.xcconfig */ = {isa = PBXFileReference; includeInIndex = 1; lastKnownFileType = text.xcconfig; name = "Pods-TemperTests.debug.xcconfig"; path = "Target Support Files/Pods-TemperTests/Pods-TemperTests.debug.xcconfig"; sourceTree = "<group>"; };
/* End PBXFileReference section */

/* Begin PBXFrameworksBuildPhase section */
		5091442423A3C86F00E7E791 /* Frameworks */ = {
			isa = PBXFrameworksBuildPhase;
			buildActionMask = 2147483647;
			files = (
				1789C0911D5D38D216B078DB /* Pods_Temper.framework in Frameworks */,
			);
			runOnlyForDeploymentPostprocessing = 0;
		};
		5091443A23A3C87000E7E791 /* Frameworks */ = {
			isa = PBXFrameworksBuildPhase;
			buildActionMask = 2147483647;
			files = (
				5829583697994FF0131B48F3 /* Pods_TemperTests.framework in Frameworks */,
			);
			runOnlyForDeploymentPostprocessing = 0;
		};
/* End PBXFrameworksBuildPhase section */

/* Begin PBXGroup section */
		500F2AED23A8C17500CCCAEA /* Resources */ = {
			isa = PBXGroup;
			children = (
				500F2AEE23A8C1A400CCCAEA /* Config */,
			);
			path = Resources;
			sourceTree = "<group>";
		};
		500F2AEE23A8C1A400CCCAEA /* Config */ = {
			isa = PBXGroup;
			children = (
				501C281023A8D843007ECE6F /* Common.xcconfig */,
				500F2AEF23A8C1D500CCCAEA /* Production.xcconfig */,
				500F2AF023A8C1E200CCCAEA /* Staging.xcconfig */,
			);
			path = Config;
			sourceTree = "<group>";
		};
		501C281123A8D90F007ECE6F /* Common */ = {
			isa = PBXGroup;
			children = (
				501C281423A8DAC6007ECE6F /* Config */,
				501C281523A8DACD007ECE6F /* Constants */,
				501C283D23A972B8007ECE6F /* Dependency Injection */,
				501C281D23A8E763007ECE6F /* Error Handler */,
				501C281A23A8E577007ECE6F /* Extenstions */,
				501C282D23A92AEF007ECE6F /* Module */,
				501C283423A936BB007ECE6F /* TableView */,
				501C284323A977DD007ECE6F /* Utils */,
			);
			path = Common;
			sourceTree = "<group>";
		};
		501C281423A8DAC6007ECE6F /* Config */ = {
			isa = PBXGroup;
			children = (
				501C281223A8D919007ECE6F /* Config.swift */,
			);
			path = Config;
			sourceTree = "<group>";
		};
		501C281523A8DACD007ECE6F /* Constants */ = {
			isa = PBXGroup;
			children = (
				501C281623A8DAFB007ECE6F /* Constants.swift */,
			);
			path = Constants;
			sourceTree = "<group>";
		};
		501C281A23A8E577007ECE6F /* Extenstions */ = {
			isa = PBXGroup;
			children = (
				501C281B23A8E644007ECE6F /* JSONDecoder+Extenstions.swift */,
				501C284823A97813007ECE6F /* NSObject+Util.swift */,
			);
			path = Extenstions;
			sourceTree = "<group>";
		};
		501C281D23A8E763007ECE6F /* Error Handler */ = {
			isa = PBXGroup;
			children = (
				501C281E23A8E781007ECE6F /* TemperError.swift */,
			);
			path = "Error Handler";
			sourceTree = "<group>";
		};
		501C282C23A92A97007ECE6F /* Builder */ = {
			isa = PBXGroup;
			children = (
				501C283023A92B6A007ECE6F /* JobsModuleBuilder.swift */,
			);
			path = Builder;
			sourceTree = "<group>";
		};
		501C282D23A92AEF007ECE6F /* Module */ = {
			isa = PBXGroup;
			children = (
				501C282E23A92AFF007ECE6F /* TemperModule.swift */,
				501C283223A92BDA007ECE6F /* ModuleBuildable.swift */,
			);
			path = Module;
			sourceTree = "<group>";
		};
		501C283423A936BB007ECE6F /* TableView */ = {
			isa = PBXGroup;
			children = (
				501C283923A96666007ECE6F /* TemperBaseViewController.swift */,
				501C283B23A966C0007ECE6F /* TemperPresentable.swift */,
			);
			path = TableView;
			sourceTree = "<group>";
		};
		501C283D23A972B8007ECE6F /* Dependency Injection */ = {
			isa = PBXGroup;
			children = (
				501C283E23A972EB007ECE6F /* SharedContainer.swift */,
			);
			path = "Dependency Injection";
			sourceTree = "<group>";
		};
		501C284023A9767D007ECE6F /* Storyboards */ = {
			isa = PBXGroup;
			children = (
				501C284123A976B2007ECE6F /* Jobs.storyboard */,
				5091443523A3C87000E7E791 /* LaunchScreen.storyboard */,
			);
			path = Storyboards;
			sourceTree = "<group>";
		};
		501C284323A977DD007ECE6F /* Utils */ = {
			isa = PBXGroup;
			children = (
				501C284A23A9817B007ECE6F /* Router.swift */,
				501C284623A977F5007ECE6F /* StoryboardInstantiatable.swift */,
				501C284423A977E7007ECE6F /* StoryboardInstantiateType.swift */,
			);
			path = Utils;
			sourceTree = "<group>";
		};
		501C284C23A982B2007ECE6F /* Router */ = {
			isa = PBXGroup;
			children = (
				501C285123AA365D007ECE6F /* JobsRouter.swift */,
			);
			path = Router;
			sourceTree = "<group>";
		};
		5091441E23A3C86F00E7E791 = {
			isa = PBXGroup;
			children = (
				5091442923A3C86F00E7E791 /* Temper */,
				5091444023A3C87000E7E791 /* TemperTests */,
				5091442823A3C86F00E7E791 /* Products */,
				F2086C3540E1D9694C47F6D9 /* Pods */,
				E927FD0A536633E6E932B03E /* Frameworks */,
			);
			sourceTree = "<group>";
		};
		5091442823A3C86F00E7E791 /* Products */ = {
			isa = PBXGroup;
			children = (
				5091442723A3C86F00E7E791 /* Temper.app */,
				5091443D23A3C87000E7E791 /* TemperTests.xctest */,
			);
			name = Products;
			sourceTree = "<group>";
		};
		5091442923A3C86F00E7E791 /* Temper */ = {
			isa = PBXGroup;
			children = (
				501C284023A9767D007ECE6F /* Storyboards */,
				501C281123A8D90F007ECE6F /* Common */,
				500F2AED23A8C17500CCCAEA /* Resources */,
				50A711DC23A7D59B00961415 /* Base */,
				50FA8E3A23A7A95A007AA792 /* Models */,
				50FA8E2423A673F2007AA792 /* Modules */,
				5091442A23A3C86F00E7E791 /* AppDelegate.swift */,
				5091442C23A3C86F00E7E791 /* SceneDelegate.swift */,
				5091443323A3C87000E7E791 /* Assets.xcassets */,
				5091443823A3C87000E7E791 /* Info.plist */,
			);
			path = Temper;
			sourceTree = "<group>";
		};
		5091444023A3C87000E7E791 /* TemperTests */ = {
			isa = PBXGroup;
			children = (
				5091444323A3C87000E7E791 /* Info.plist */,
				50CA8EE423A7BC9700A6DF65 /* Mocks */,
				50CA8EE523A7BCA300A6DF65 /* Modules */,
			);
			path = TemperTests;
			sourceTree = "<group>";
		};
		50A711DC23A7D59B00961415 /* Base */ = {
			isa = PBXGroup;
			children = (
				50A711DD23A7D5A600961415 /* Network */,
			);
			path = Base;
			sourceTree = "<group>";
		};
		50A711DD23A7D5A600961415 /* Network */ = {
			isa = PBXGroup;
			children = (
				501C281823A8E009007ECE6F /* NetworkRequestRetrier.swift */,
				50A711E223A81C6900961415 /* NetworkRouter.swift */,
			);
			path = Network;
			sourceTree = "<group>";
		};
		50CA8EE423A7BC9700A6DF65 /* Mocks */ = {
			isa = PBXGroup;
			children = (
				50CA8EE923A7BD0400A6DF65 /* JobsInteractorMock.swift */,
				50CA8EE723A7BCD800A6DF65 /* JobsViewControllerMock.swift */,
			);
			path = Mocks;
			sourceTree = "<group>";
		};
		50CA8EE523A7BCA300A6DF65 /* Modules */ = {
			isa = PBXGroup;
			children = (
				50CA8EE623A7BCAC00A6DF65 /* Jobs */,
			);
			path = Modules;
			sourceTree = "<group>";
		};
		50CA8EE623A7BCAC00A6DF65 /* Jobs */ = {
			isa = PBXGroup;
			children = (
				50FA8E2223A59274007AA792 /* JobsPresenterTests.swift */,
			);
			path = Jobs;
			sourceTree = "<group>";
		};
		50FA8E2423A673F2007AA792 /* Modules */ = {
			isa = PBXGroup;
			children = (
				50FA8E2523A67402007AA792 /* Jobs */,
			);
			path = Modules;
			sourceTree = "<group>";
		};
		50FA8E2523A67402007AA792 /* Jobs */ = {
			isa = PBXGroup;
			children = (
				501C282C23A92A97007ECE6F /* Builder */,
				50FA8E3023A683A4007AA792 /* Interactor */,
				50FA8E2B23A67DB7007AA792 /* Presenter */,
				501C284C23A982B2007ECE6F /* Router */,
				50FA8E3723A68914007AA792 /* Services */,
				50FA8E2823A67D88007AA792 /* View */,
			);
			path = Jobs;
			sourceTree = "<group>";
		};
		50FA8E2823A67D88007AA792 /* View */ = {
			isa = PBXGroup;
			children = (
				50FA8E2623A67427007AA792 /* JobsViewController.swift */,
				50FA8E3D23A7ABF3007AA792 /* JobsViewable.swift */,
			);
			path = View;
			sourceTree = "<group>";
		};
		50FA8E2B23A67DB7007AA792 /* Presenter */ = {
			isa = PBXGroup;
			children = (
				50FA8E2C23A67DCB007AA792 /* JobsPresenter.swift */,
				50FA8E2E23A67E1A007AA792 /* JobsPresentable.swift */,
			);
			path = Presenter;
			sourceTree = "<group>";
		};
		50FA8E3023A683A4007AA792 /* Interactor */ = {
			isa = PBXGroup;
			children = (
				50FA8E3123A684D6007AA792 /* JobsInteractable.swift */,
				50FA8E3523A6887F007AA792 /* JobsInteractor.swift */,
			);
			path = Interactor;
			sourceTree = "<group>";
		};
		50FA8E3723A68914007AA792 /* Services */ = {
			isa = PBXGroup;
			children = (
				50FA8E3823A6892E007AA792 /* JobsService.swift */,
			);
			path = Services;
			sourceTree = "<group>";
		};
		50FA8E3A23A7A95A007AA792 /* Models */ = {
			isa = PBXGroup;
			children = (
				501C282223A8FE7F007ECE6F /* Client.swift */,
				50FA8E3B23A7A962007AA792 /* Job.swift */,
				501C282623A8FEAD007ECE6F /* JobCategory.swift */,
				501C282423A8FE94007ECE6F /* Photo.swift */,
				501C282823A8FEBC007ECE6F /* Shift.swift */,
				501C282A23A8FED3007ECE6F /* TemperContent.swift */,
				501C282023A8EDD8007ECE6F /* TemperData.swift */,
			);
			path = Models;
			sourceTree = "<group>";
		};
		E927FD0A536633E6E932B03E /* Frameworks */ = {
			isa = PBXGroup;
			children = (
				3DCA082CACB0ECA0DDA7307C /* Pods_Temper.framework */,
				CB3428D92716B0B1279B3EF4 /* Pods_TemperTests.framework */,
			);
			name = Frameworks;
			sourceTree = "<group>";
		};
		F2086C3540E1D9694C47F6D9 /* Pods */ = {
			isa = PBXGroup;
			children = (
				EF4EBD0B4BAC24441A5C2C00 /* Pods-Temper.debug.xcconfig */,
				0D0A526C2337F66D758EFF72 /* Pods-Temper.release.xcconfig */,
				FD685CB6114E2CC556E30B6F /* Pods-TemperTests.debug.xcconfig */,
				0822F683FE5440CFAC064533 /* Pods-TemperTests.release.xcconfig */,
			);
			path = Pods;
			sourceTree = "<group>";
		};
/* End PBXGroup section */

/* Begin PBXNativeTarget section */
		5091442623A3C86F00E7E791 /* Temper */ = {
			isa = PBXNativeTarget;
			buildConfigurationList = 5091444623A3C87000E7E791 /* Build configuration list for PBXNativeTarget "Temper" */;
			buildPhases = (
				6BCC1AF98BFD174862AD26BF /* [CP] Check Pods Manifest.lock */,
				5091442323A3C86F00E7E791 /* Sources */,
				5091442423A3C86F00E7E791 /* Frameworks */,
				5091442523A3C86F00E7E791 /* Resources */,
				9374CA3918C69A0FD79AF19E /* [CP] Embed Pods Frameworks */,
			);
			buildRules = (
			);
			dependencies = (
			);
			name = Temper;
			productName = Temper;
			productReference = 5091442723A3C86F00E7E791 /* Temper.app */;
			productType = "com.apple.product-type.application";
		};
		5091443C23A3C87000E7E791 /* TemperTests */ = {
			isa = PBXNativeTarget;
			buildConfigurationList = 5091444923A3C87000E7E791 /* Build configuration list for PBXNativeTarget "TemperTests" */;
			buildPhases = (
				9B812AF8A1A1426E637BD644 /* [CP] Check Pods Manifest.lock */,
				5091443923A3C87000E7E791 /* Sources */,
				5091443A23A3C87000E7E791 /* Frameworks */,
				5091443B23A3C87000E7E791 /* Resources */,
			);
			buildRules = (
			);
			dependencies = (
				5091443F23A3C87000E7E791 /* PBXTargetDependency */,
			);
			name = TemperTests;
			productName = TemperTests;
			productReference = 5091443D23A3C87000E7E791 /* TemperTests.xctest */;
			productType = "com.apple.product-type.bundle.unit-test";
		};
/* End PBXNativeTarget section */

/* Begin PBXProject section */
		5091441F23A3C86F00E7E791 /* Project object */ = {
			isa = PBXProject;
			attributes = {
				LastSwiftUpdateCheck = 1120;
				LastUpgradeCheck = 1120;
				ORGANIZATIONNAME = "Sameh Mabrouk";
				TargetAttributes = {
					5091442623A3C86F00E7E791 = {
						CreatedOnToolsVersion = 11.2.1;
					};
					5091443C23A3C87000E7E791 = {
						CreatedOnToolsVersion = 11.2.1;
						TestTargetID = 5091442623A3C86F00E7E791;
					};
				};
			};
			buildConfigurationList = 5091442223A3C86F00E7E791 /* Build configuration list for PBXProject "Temper" */;
			compatibilityVersion = "Xcode 9.3";
			developmentRegion = en;
			hasScannedForEncodings = 0;
			knownRegions = (
				en,
				Base,
			);
			mainGroup = 5091441E23A3C86F00E7E791;
			productRefGroup = 5091442823A3C86F00E7E791 /* Products */;
			projectDirPath = "";
			projectRoot = "";
			targets = (
				5091442623A3C86F00E7E791 /* Temper */,
				5091443C23A3C87000E7E791 /* TemperTests */,
			);
		};
/* End PBXProject section */

/* Begin PBXResourcesBuildPhase section */
		5091442523A3C86F00E7E791 /* Resources */ = {
			isa = PBXResourcesBuildPhase;
			buildActionMask = 2147483647;
			files = (
				501C284223A976B2007ECE6F /* Jobs.storyboard in Resources */,
				5091443723A3C87000E7E791 /* LaunchScreen.storyboard in Resources */,
				5091443423A3C87000E7E791 /* Assets.xcassets in Resources */,
			);
			runOnlyForDeploymentPostprocessing = 0;
		};
		5091443B23A3C87000E7E791 /* Resources */ = {
			isa = PBXResourcesBuildPhase;
			buildActionMask = 2147483647;
			files = (
			);
			runOnlyForDeploymentPostprocessing = 0;
		};
/* End PBXResourcesBuildPhase section */

/* Begin PBXShellScriptBuildPhase section */
		6BCC1AF98BFD174862AD26BF /* [CP] Check Pods Manifest.lock */ = {
			isa = PBXShellScriptBuildPhase;
			buildActionMask = 2147483647;
			files = (
			);
			inputFileListPaths = (
			);
			inputPaths = (
				"${PODS_PODFILE_DIR_PATH}/Podfile.lock",
				"${PODS_ROOT}/Manifest.lock",
			);
			name = "[CP] Check Pods Manifest.lock";
			outputFileListPaths = (
			);
			outputPaths = (
				"$(DERIVED_FILE_DIR)/Pods-Temper-checkManifestLockResult.txt",
			);
			runOnlyForDeploymentPostprocessing = 0;
			shellPath = /bin/sh;
			shellScript = "diff \"${PODS_PODFILE_DIR_PATH}/Podfile.lock\" \"${PODS_ROOT}/Manifest.lock\" > /dev/null\nif [ $? != 0 ] ; then\n    # print error to STDERR\n    echo \"error: The sandbox is not in sync with the Podfile.lock. Run 'pod install' or update your CocoaPods installation.\" >&2\n    exit 1\nfi\n# This output is used by Xcode 'outputs' to avoid re-running this script phase.\necho \"SUCCESS\" > \"${SCRIPT_OUTPUT_FILE_0}\"\n";
			showEnvVarsInLog = 0;
		};
		9374CA3918C69A0FD79AF19E /* [CP] Embed Pods Frameworks */ = {
			isa = PBXShellScriptBuildPhase;
			buildActionMask = 2147483647;
			files = (
			);
			inputFileListPaths = (
				"${PODS_ROOT}/Target Support Files/Pods-Temper/Pods-Temper-frameworks-${CONFIGURATION}-input-files.xcfilelist",
			);
			name = "[CP] Embed Pods Frameworks";
			outputFileListPaths = (
				"${PODS_ROOT}/Target Support Files/Pods-Temper/Pods-Temper-frameworks-${CONFIGURATION}-output-files.xcfilelist",
			);
			runOnlyForDeploymentPostprocessing = 0;
			shellPath = /bin/sh;
			shellScript = "\"${PODS_ROOT}/Target Support Files/Pods-Temper/Pods-Temper-frameworks.sh\"\n";
			showEnvVarsInLog = 0;
		};
		9B812AF8A1A1426E637BD644 /* [CP] Check Pods Manifest.lock */ = {
			isa = PBXShellScriptBuildPhase;
			buildActionMask = 2147483647;
			files = (
			);
			inputFileListPaths = (
			);
			inputPaths = (
				"${PODS_PODFILE_DIR_PATH}/Podfile.lock",
				"${PODS_ROOT}/Manifest.lock",
			);
			name = "[CP] Check Pods Manifest.lock";
			outputFileListPaths = (
			);
			outputPaths = (
				"$(DERIVED_FILE_DIR)/Pods-TemperTests-checkManifestLockResult.txt",
			);
			runOnlyForDeploymentPostprocessing = 0;
			shellPath = /bin/sh;
			shellScript = "diff \"${PODS_PODFILE_DIR_PATH}/Podfile.lock\" \"${PODS_ROOT}/Manifest.lock\" > /dev/null\nif [ $? != 0 ] ; then\n    # print error to STDERR\n    echo \"error: The sandbox is not in sync with the Podfile.lock. Run 'pod install' or update your CocoaPods installation.\" >&2\n    exit 1\nfi\n# This output is used by Xcode 'outputs' to avoid re-running this script phase.\necho \"SUCCESS\" > \"${SCRIPT_OUTPUT_FILE_0}\"\n";
			showEnvVarsInLog = 0;
		};
/* End PBXShellScriptBuildPhase section */

/* Begin PBXSourcesBuildPhase section */
		5091442323A3C86F00E7E791 /* Sources */ = {
			isa = PBXSourcesBuildPhase;
			buildActionMask = 2147483647;
			files = (
				501C283F23A972EB007ECE6F /* SharedContainer.swift in Sources */,
				501C283C23A966C0007ECE6F /* TemperPresentable.swift in Sources */,
				50FA8E3623A6887F007AA792 /* JobsInteractor.swift in Sources */,
				501C283123A92B6A007ECE6F /* JobsModuleBuilder.swift in Sources */,
				50FA8E3923A6892E007AA792 /* JobsService.swift in Sources */,
				501C282B23A8FED3007ECE6F /* TemperContent.swift in Sources */,
				50FA8E2D23A67DCB007AA792 /* JobsPresenter.swift in Sources */,
				50FA8E2F23A67E1A007AA792 /* JobsPresentable.swift in Sources */,
				501C284B23A9817B007ECE6F /* Router.swift in Sources */,
				501C282523A8FE94007ECE6F /* Photo.swift in Sources */,
				501C284523A977E7007ECE6F /* StoryboardInstantiateType.swift in Sources */,
				501C285223AA365D007ECE6F /* JobsRouter.swift in Sources */,
				50FA8E2723A67427007AA792 /* JobsViewController.swift in Sources */,
				50A711E323A81C6900961415 /* NetworkRouter.swift in Sources */,
				501C282F23A92AFF007ECE6F /* TemperModule.swift in Sources */,
				501C281323A8D919007ECE6F /* Config.swift in Sources */,
				501C283A23A96666007ECE6F /* TemperBaseViewController.swift in Sources */,
				501C284923A97813007ECE6F /* NSObject+Util.swift in Sources */,
				501C281C23A8E644007ECE6F /* JSONDecoder+Extenstions.swift in Sources */,
				501C281F23A8E781007ECE6F /* TemperError.swift in Sources */,
				501C283323A92BDA007ECE6F /* ModuleBuildable.swift in Sources */,
				501C282123A8EDD8007ECE6F /* TemperData.swift in Sources */,
				501C281923A8E009007ECE6F /* NetworkRequestRetrier.swift in Sources */,
				5091442B23A3C86F00E7E791 /* AppDelegate.swift in Sources */,
				501C282923A8FEBC007ECE6F /* Shift.swift in Sources */,
				501C284723A977F5007ECE6F /* StoryboardInstantiatable.swift in Sources */,
				50FA8E3C23A7A962007AA792 /* Job.swift in Sources */,
				50FA8E3E23A7ABF3007AA792 /* JobsViewable.swift in Sources */,
				501C281723A8DAFB007ECE6F /* Constants.swift in Sources */,
				501C282323A8FE7F007ECE6F /* Client.swift in Sources */,
				5091442D23A3C86F00E7E791 /* SceneDelegate.swift in Sources */,
				50FA8E3223A684D6007AA792 /* JobsInteractable.swift in Sources */,
				501C282723A8FEAD007ECE6F /* JobCategory.swift in Sources */,
			);
			runOnlyForDeploymentPostprocessing = 0;
		};
		5091443923A3C87000E7E791 /* Sources */ = {
			isa = PBXSourcesBuildPhase;
			buildActionMask = 2147483647;
			files = (
				50CA8EE823A7BCD800A6DF65 /* JobsViewControllerMock.swift in Sources */,
				50CA8EEA23A7BD0400A6DF65 /* JobsInteractorMock.swift in Sources */,
				50FA8E2323A59274007AA792 /* JobsPresenterTests.swift in Sources */,
			);
			runOnlyForDeploymentPostprocessing = 0;
		};
/* End PBXSourcesBuildPhase section */

/* Begin PBXTargetDependency section */
		5091443F23A3C87000E7E791 /* PBXTargetDependency */ = {
			isa = PBXTargetDependency;
			target = 5091442623A3C86F00E7E791 /* Temper */;
			targetProxy = 5091443E23A3C87000E7E791 /* PBXContainerItemProxy */;
		};
/* End PBXTargetDependency section */

/* Begin PBXVariantGroup section */
		5091443523A3C87000E7E791 /* LaunchScreen.storyboard */ = {
			isa = PBXVariantGroup;
			children = (
				5091443623A3C87000E7E791 /* Base */,
			);
			name = LaunchScreen.storyboard;
			sourceTree = "<group>";
		};
/* End PBXVariantGroup section */

/* Begin XCBuildConfiguration section */
		5091444423A3C87000E7E791 /* Debug */ = {
			isa = XCBuildConfiguration;
			baseConfigurationReference = 500F2AF023A8C1E200CCCAEA /* Staging.xcconfig */;
			buildSettings = {
				ALWAYS_SEARCH_USER_PATHS = NO;
				CLANG_ANALYZER_NONNULL = YES;
				CLANG_ANALYZER_NUMBER_OBJECT_CONVERSION = YES_AGGRESSIVE;
				CLANG_CXX_LANGUAGE_STANDARD = "gnu++14";
				CLANG_CXX_LIBRARY = "libc++";
				CLANG_ENABLE_MODULES = YES;
				CLANG_ENABLE_OBJC_ARC = YES;
				CLANG_ENABLE_OBJC_WEAK = YES;
				CLANG_WARN_BLOCK_CAPTURE_AUTORELEASING = YES;
				CLANG_WARN_BOOL_CONVERSION = YES;
				CLANG_WARN_COMMA = YES;
				CLANG_WARN_CONSTANT_CONVERSION = YES;
				CLANG_WARN_DEPRECATED_OBJC_IMPLEMENTATIONS = YES;
				CLANG_WARN_DIRECT_OBJC_ISA_USAGE = YES_ERROR;
				CLANG_WARN_DOCUMENTATION_COMMENTS = YES;
				CLANG_WARN_EMPTY_BODY = YES;
				CLANG_WARN_ENUM_CONVERSION = YES;
				CLANG_WARN_INFINITE_RECURSION = YES;
				CLANG_WARN_INT_CONVERSION = YES;
				CLANG_WARN_NON_LITERAL_NULL_CONVERSION = YES;
				CLANG_WARN_OBJC_IMPLICIT_RETAIN_SELF = YES;
				CLANG_WARN_OBJC_LITERAL_CONVERSION = YES;
				CLANG_WARN_OBJC_ROOT_CLASS = YES_ERROR;
				CLANG_WARN_RANGE_LOOP_ANALYSIS = YES;
				CLANG_WARN_STRICT_PROTOTYPES = YES;
				CLANG_WARN_SUSPICIOUS_MOVE = YES;
				CLANG_WARN_UNGUARDED_AVAILABILITY = YES_AGGRESSIVE;
				CLANG_WARN_UNREACHABLE_CODE = YES;
				CLANG_WARN__DUPLICATE_METHOD_MATCH = YES;
				COPY_PHASE_STRIP = NO;
				DEBUG_INFORMATION_FORMAT = dwarf;
				ENABLE_STRICT_OBJC_MSGSEND = YES;
				ENABLE_TESTABILITY = YES;
				GCC_C_LANGUAGE_STANDARD = gnu11;
				GCC_DYNAMIC_NO_PIC = NO;
				GCC_NO_COMMON_BLOCKS = YES;
				GCC_OPTIMIZATION_LEVEL = 0;
				GCC_PREPROCESSOR_DEFINITIONS = (
					"DEBUG=1",
					"$(inherited)",
				);
				GCC_WARN_64_TO_32_BIT_CONVERSION = YES;
				GCC_WARN_ABOUT_RETURN_TYPE = YES_ERROR;
				GCC_WARN_UNDECLARED_SELECTOR = YES;
				GCC_WARN_UNINITIALIZED_AUTOS = YES_AGGRESSIVE;
				GCC_WARN_UNUSED_FUNCTION = YES;
				GCC_WARN_UNUSED_VARIABLE = YES;
				IPHONEOS_DEPLOYMENT_TARGET = 13.2;
				MTL_ENABLE_DEBUG_INFO = INCLUDE_SOURCE;
				MTL_FAST_MATH = YES;
				ONLY_ACTIVE_ARCH = YES;
				SDKROOT = iphoneos;
				SWIFT_ACTIVE_COMPILATION_CONDITIONS = DEBUG;
				SWIFT_OPTIMIZATION_LEVEL = "-Onone";
			};
			name = Debug;
		};
		5091444523A3C87000E7E791 /* Release */ = {
			isa = XCBuildConfiguration;
			baseConfigurationReference = 500F2AEF23A8C1D500CCCAEA /* Production.xcconfig */;
			buildSettings = {
				ALWAYS_SEARCH_USER_PATHS = NO;
				CLANG_ANALYZER_NONNULL = YES;
				CLANG_ANALYZER_NUMBER_OBJECT_CONVERSION = YES_AGGRESSIVE;
				CLANG_CXX_LANGUAGE_STANDARD = "gnu++14";
				CLANG_CXX_LIBRARY = "libc++";
				CLANG_ENABLE_MODULES = YES;
				CLANG_ENABLE_OBJC_ARC = YES;
				CLANG_ENABLE_OBJC_WEAK = YES;
				CLANG_WARN_BLOCK_CAPTURE_AUTORELEASING = YES;
				CLANG_WARN_BOOL_CONVERSION = YES;
				CLANG_WARN_COMMA = YES;
				CLANG_WARN_CONSTANT_CONVERSION = YES;
				CLANG_WARN_DEPRECATED_OBJC_IMPLEMENTATIONS = YES;
				CLANG_WARN_DIRECT_OBJC_ISA_USAGE = YES_ERROR;
				CLANG_WARN_DOCUMENTATION_COMMENTS = YES;
				CLANG_WARN_EMPTY_BODY = YES;
				CLANG_WARN_ENUM_CONVERSION = YES;
				CLANG_WARN_INFINITE_RECURSION = YES;
				CLANG_WARN_INT_CONVERSION = YES;
				CLANG_WARN_NON_LITERAL_NULL_CONVERSION = YES;
				CLANG_WARN_OBJC_IMPLICIT_RETAIN_SELF = YES;
				CLANG_WARN_OBJC_LITERAL_CONVERSION = YES;
				CLANG_WARN_OBJC_ROOT_CLASS = YES_ERROR;
				CLANG_WARN_RANGE_LOOP_ANALYSIS = YES;
				CLANG_WARN_STRICT_PROTOTYPES = YES;
				CLANG_WARN_SUSPICIOUS_MOVE = YES;
				CLANG_WARN_UNGUARDED_AVAILABILITY = YES_AGGRESSIVE;
				CLANG_WARN_UNREACHABLE_CODE = YES;
				CLANG_WARN__DUPLICATE_METHOD_MATCH = YES;
				COPY_PHASE_STRIP = NO;
				DEBUG_INFORMATION_FORMAT = "dwarf-with-dsym";
				ENABLE_NS_ASSERTIONS = NO;
				ENABLE_STRICT_OBJC_MSGSEND = YES;
				GCC_C_LANGUAGE_STANDARD = gnu11;
				GCC_NO_COMMON_BLOCKS = YES;
				GCC_WARN_64_TO_32_BIT_CONVERSION = YES;
				GCC_WARN_ABOUT_RETURN_TYPE = YES_ERROR;
				GCC_WARN_UNDECLARED_SELECTOR = YES;
				GCC_WARN_UNINITIALIZED_AUTOS = YES_AGGRESSIVE;
				GCC_WARN_UNUSED_FUNCTION = YES;
				GCC_WARN_UNUSED_VARIABLE = YES;
				IPHONEOS_DEPLOYMENT_TARGET = 13.2;
				MTL_ENABLE_DEBUG_INFO = NO;
				MTL_FAST_MATH = YES;
				SDKROOT = iphoneos;
				SWIFT_COMPILATION_MODE = wholemodule;
				SWIFT_OPTIMIZATION_LEVEL = "-O";
				VALIDATE_PRODUCT = YES;
			};
			name = Release;
		};
		5091444723A3C87000E7E791 /* Debug */ = {
			isa = XCBuildConfiguration;
			baseConfigurationReference = EF4EBD0B4BAC24441A5C2C00 /* Pods-Temper.debug.xcconfig */;
			buildSettings = {
				ASSETCATALOG_COMPILER_APPICON_NAME = AppIcon;
				CODE_SIGN_STYLE = Automatic;
				DEVELOPMENT_TEAM = 8U3N7M58T5;
				INFOPLIST_FILE = Temper/Info.plist;
				LD_RUNPATH_SEARCH_PATHS = (
					"$(inherited)",
					"@executable_path/Frameworks",
				);
				PRODUCT_BUNDLE_IDENTIFIER = com.smapps.Temper;
				PRODUCT_NAME = "$(TARGET_NAME)";
				SWIFT_VERSION = 5.0;
				TARGETED_DEVICE_FAMILY = "1,2";
			};
			name = Debug;
		};
		5091444823A3C87000E7E791 /* Release */ = {
			isa = XCBuildConfiguration;
			baseConfigurationReference = 0D0A526C2337F66D758EFF72 /* Pods-Temper.release.xcconfig */;
			buildSettings = {
				ASSETCATALOG_COMPILER_APPICON_NAME = AppIcon;
				CODE_SIGN_STYLE = Automatic;
				DEVELOPMENT_TEAM = 8U3N7M58T5;
				INFOPLIST_FILE = Temper/Info.plist;
				LD_RUNPATH_SEARCH_PATHS = (
					"$(inherited)",
					"@executable_path/Frameworks",
				);
				PRODUCT_BUNDLE_IDENTIFIER = com.smapps.Temper;
				PRODUCT_NAME = "$(TARGET_NAME)";
				SWIFT_VERSION = 5.0;
				TARGETED_DEVICE_FAMILY = "1,2";
			};
			name = Release;
		};
		5091444A23A3C87000E7E791 /* Debug */ = {
			isa = XCBuildConfiguration;
			baseConfigurationReference = FD685CB6114E2CC556E30B6F /* Pods-TemperTests.debug.xcconfig */;
			buildSettings = {
				ALWAYS_EMBED_SWIFT_STANDARD_LIBRARIES = YES;
				BUNDLE_LOADER = "$(TEST_HOST)";
				CODE_SIGN_STYLE = Automatic;
				DEVELOPMENT_TEAM = 8U3N7M58T5;
				INFOPLIST_FILE = TemperTests/Info.plist;
				IPHONEOS_DEPLOYMENT_TARGET = 13.2;
				LD_RUNPATH_SEARCH_PATHS = (
					"$(inherited)",
					"@executable_path/Frameworks",
					"@loader_path/Frameworks",
				);
				PRODUCT_BUNDLE_IDENTIFIER = com.smapps.TemperTests;
				PRODUCT_NAME = "$(TARGET_NAME)";
				SWIFT_VERSION = 5.0;
				TARGETED_DEVICE_FAMILY = "1,2";
				TEST_HOST = "$(BUILT_PRODUCTS_DIR)/Temper.app/Temper";
			};
			name = Debug;
		};
		5091444B23A3C87000E7E791 /* Release */ = {
			isa = XCBuildConfiguration;
			baseConfigurationReference = 0822F683FE5440CFAC064533 /* Pods-TemperTests.release.xcconfig */;
			buildSettings = {
				ALWAYS_EMBED_SWIFT_STANDARD_LIBRARIES = YES;
				BUNDLE_LOADER = "$(TEST_HOST)";
				CODE_SIGN_STYLE = Automatic;
				DEVELOPMENT_TEAM = 8U3N7M58T5;
				INFOPLIST_FILE = TemperTests/Info.plist;
				IPHONEOS_DEPLOYMENT_TARGET = 13.2;
				LD_RUNPATH_SEARCH_PATHS = (
					"$(inherited)",
					"@executable_path/Frameworks",
					"@loader_path/Frameworks",
				);
				PRODUCT_BUNDLE_IDENTIFIER = com.smapps.TemperTests;
				PRODUCT_NAME = "$(TARGET_NAME)";
				SWIFT_VERSION = 5.0;
				TARGETED_DEVICE_FAMILY = "1,2";
				TEST_HOST = "$(BUILT_PRODUCTS_DIR)/Temper.app/Temper";
			};
			name = Release;
		};
/* End XCBuildConfiguration section */

/* Begin XCConfigurationList section */
		5091442223A3C86F00E7E791 /* Build configuration list for PBXProject "Temper" */ = {
			isa = XCConfigurationList;
			buildConfigurations = (
				5091444423A3C87000E7E791 /* Debug */,
				5091444523A3C87000E7E791 /* Release */,
			);
			defaultConfigurationIsVisible = 0;
			defaultConfigurationName = Release;
		};
		5091444623A3C87000E7E791 /* Build configuration list for PBXNativeTarget "Temper" */ = {
			isa = XCConfigurationList;
			buildConfigurations = (
				5091444723A3C87000E7E791 /* Debug */,
				5091444823A3C87000E7E791 /* Release */,
			);
			defaultConfigurationIsVisible = 0;
			defaultConfigurationName = Release;
		};
		5091444923A3C87000E7E791 /* Build configuration list for PBXNativeTarget "TemperTests" */ = {
			isa = XCConfigurationList;
			buildConfigurations = (
				5091444A23A3C87000E7E791 /* Debug */,
				5091444B23A3C87000E7E791 /* Release */,
			);
			defaultConfigurationIsVisible = 0;
			defaultConfigurationName = Release;
		};
/* End XCConfigurationList section */
	};
	rootObject = 5091441F23A3C86F00E7E791 /* Project object */;
}
