PODS:
  - Alamofire (4.9.1)
  - Nuke (8.4.0)
  - RxSwift (5.0.1)
  - SwiftGen (6.1.0)
  - Swinject (2.7.1)

DEPENDENCIES:
  - Alamofire
  - Nuke
  - RxSwift
  - SwiftGen
  - Swinject

SPEC REPOS:
  trunk:
    - Alamofire
    - Nuke
    - RxSwift
    - SwiftGen
    - Swinject

SPEC CHECKSUMS:
  Alamofire: 85e8a02c69d6020a0d734f6054870d7ecb75cf18
  Nuke: fa6f784c4f7e1c0f9313668510186c68b7af2509
  RxSwift: e2dc62b366a3adf6a0be44ba9f405efd4c94e0c4
  SwiftGen: f872ca75cbd17bf7103c17f13dcfa0d9a15667b0
  Swinject: ddf78b8486dd9b71a667b852cad919ab4484478e

PODFILE CHECKSUM: 9149651f35ef0649f5e35460455b94a262e135f8

COCOAPODS: 1.8.4
